
Microsoft Visual Studio Solution File, Format Version 12.00
# Visual Studio Version 17
VisualStudioVersion = 17.3.32611.2
MinimumVisualStudioVersion = 10.0.40219.1
Project("{9A19103F-16F7-4668-BE54-9A1E7A4F7556}") = "DotnetAbp.Domain", "src\DotnetAbp.Domain\DotnetAbp.Domain.csproj", "{554AD327-6DBA-4F8F-96F8-81CE7A0C863F}"
EndProject
Project("{9A19103F-16F7-4668-BE54-9A1E7A4F7556}") = "DotnetAbp.Application", "src\DotnetAbp.Application\DotnetAbp.Application.csproj", "{1A94A50E-06DC-43C1-80B5-B662820EC3EB}"
EndProject
Project("{9A19103F-16F7-4668-BE54-9A1E7A4F7556}") = "DotnetAbp.EntityFrameworkCore", "src\DotnetAbp.EntityFrameworkCore\DotnetAbp.EntityFrameworkCore.csproj", "{C956DD76-69C8-4A9C-83EA-D17DF83340FD}"
EndProject
Project("{2150E333-8FDC-42A3-9474-1A3956D46DE8}") = "src", "src", "{CA9AC87F-097E-4F15-8393-4BC07735A5B0}"
EndProject
Project("{2150E333-8FDC-42A3-9474-1A3956D46DE8}") = "test", "test", "{04DBDB01-70F4-4E06-B468-8F87850B22BE}"
EndProject
Project("{9A19103F-16F7-4668-BE54-9A1E7A4F7556}") = "DotnetAbp.Application.Tests", "test\DotnetAbp.Application.Tests\DotnetAbp.Application.Tests.csproj", "{50B2631D-129C-47B3-A587-029CCD6099BC}"
EndProject
Project("{9A19103F-16F7-4668-BE54-9A1E7A4F7556}") = "DotnetAbp.Domain.Shared", "src\DotnetAbp.Domain.Shared\DotnetAbp.Domain.Shared.csproj", "{42F719ED-8413-4895-B5B4-5AB56079BC66}"
EndProject
Project("{9A19103F-16F7-4668-BE54-9A1E7A4F7556}") = "DotnetAbp.Application.Contracts", "src\DotnetAbp.Application.Contracts\DotnetAbp.Application.Contracts.csproj", "{520659C8-C734-4298-A3DA-B539DB9DFC0B}"
EndProject
Project("{9A19103F-16F7-4668-BE54-9A1E7A4F7556}") = "DotnetAbp.HttpApi", "src\DotnetAbp.HttpApi\DotnetAbp.HttpApi.csproj", "{4164BDF7-F527-4E85-9CE6-E3C2D7426A27}"
EndProject
Project("{9A19103F-16F7-4668-BE54-9A1E7A4F7556}") = "DotnetAbp.HttpApi.Client", "src\DotnetAbp.HttpApi.Client\DotnetAbp.HttpApi.Client.csproj", "{3B5A0094-670D-4BB1-BFDD-61B88A8773DC}"
EndProject
Project("{9A19103F-16F7-4668-BE54-9A1E7A4F7556}") = "DotnetAbp.EntityFrameworkCore.Tests", "test\DotnetAbp.EntityFrameworkCore.Tests\DotnetAbp.EntityFrameworkCore.Tests.csproj", "{1FE30EB9-74A9-47F5-A9F6-7B1FAB672D81}"
EndProject
Project("{9A19103F-16F7-4668-BE54-9A1E7A4F7556}") = "DotnetAbp.TestBase", "test\DotnetAbp.TestBase\DotnetAbp.TestBase.csproj", "{91853F21-9CD9-4132-BC29-A7D5D84FFFE7}"
EndProject
Project("{9A19103F-16F7-4668-BE54-9A1E7A4F7556}") = "DotnetAbp.Domain.Tests", "test\DotnetAbp.Domain.Tests\DotnetAbp.Domain.Tests.csproj", "{E512F4D9-9375-480F-A2F6-A46509F9D824}"
EndProject
Project("{9A19103F-16F7-4668-BE54-9A1E7A4F7556}") = "DotnetAbp.HttpApi.Client.ConsoleTestApp", "test\DotnetAbp.HttpApi.Client.ConsoleTestApp\DotnetAbp.HttpApi.Client.ConsoleTestApp.csproj", "{EF480016-9127-4916-8735-D2466BDBC582}"
EndProject
Project("{9A19103F-16F7-4668-BE54-9A1E7A4F7556}") = "DotnetAbp.DbMigrator", "src\DotnetAbp.DbMigrator\DotnetAbp.DbMigrator.csproj", "{70680696-BB1E-4383-BCB2-42C3767171FB}"
EndProject
Project("{9A19103F-16F7-4668-BE54-9A1E7A4F7556}") = "DotnetAbp.HttpApi.Host", "src\DotnetAbp.HttpApi.Host\DotnetAbp.HttpApi.Host.csproj", "{96E5259E-59A3-4FAF-BCD1-5BF8E74EF82C}"
EndProject
Project("{2150E333-8FDC-42A3-9474-1A3956D46DE8}") = "modules", "modules", "{B2A8AA88-F2D4-47EE-92D5-5B8474AAA95F}"
EndProject
Project("{2150E333-8FDC-42A3-9474-1A3956D46DE8}") = "product", "product", "{B871527A-45C0-4CFB-9E06-4114932F5E5C}"
EndProject
Project("{2150E333-8FDC-42A3-9474-1A3956D46DE8}") = "src", "src", "{9EF01ED6-D630-41C3-97A1-7CEAFF1E2E0F}"
EndProject
Project("{FAE04EC0-301F-11D3-BF4B-00C04F79EFBC}") = "Product.Application", "modules\product\src\Product.Application\Product.Application.csproj", "{CAE57AD9-608D-4E5D-A66F-6E764827EDFE}"
EndProject
Project("{FAE04EC0-301F-11D3-BF4B-00C04F79EFBC}") = "Product.Application.Contracts", "modules\product\src\Product.Application.Contracts\Product.Application.Contracts.csproj", "{8EE116C2-5942-4D96-84C3-E08D3AED8968}"
EndProject
Project("{FAE04EC0-301F-11D3-BF4B-00C04F79EFBC}") = "Product.Domain", "modules\product\src\Product.Domain\Product.Domain.csproj", "{9CD3F20B-5971-4040-A86A-17A4B4C3C7FA}"
EndProject
Project("{FAE04EC0-301F-11D3-BF4B-00C04F79EFBC}") = "Product.Domain.Shared", "modules\product\src\Product.Domain.Shared\Product.Domain.Shared.csproj", "{3F40AF95-BE07-4F58-B87F-F6EE80E78A4C}"
EndProject
Project("{FAE04EC0-301F-11D3-BF4B-00C04F79EFBC}") = "Product.EntityFrameworkCore", "modules\product\src\Product.EntityFrameworkCore\Product.EntityFrameworkCore.csproj", "{C8F0B688-08A6-4EC5-9427-72F31B81D74A}"
EndProject
Project("{FAE04EC0-301F-11D3-BF4B-00C04F79EFBC}") = "Product.HttpApi", "modules\product\src\Product.HttpApi\Product.HttpApi.csproj", "{53DA371D-C559-4DDA-8C0F-CE363EDE80D1}"
EndProject
Project("{FAE04EC0-301F-11D3-BF4B-00C04F79EFBC}") = "Product.HttpApi.Client", "modules\product\src\Product.HttpApi.Client\Product.HttpApi.Client.csproj", "{F87DCC64-A19B-4711-867A-8DAC97F1E9C4}"
EndProject
Project("{2150E333-8FDC-42A3-9474-1A3956D46DE8}") = "sales", "sales", "{1DF04DB3-1E3F-4500-8ED5-775F1C7DB7FC}"
EndProject
Project("{2150E333-8FDC-42A3-9474-1A3956D46DE8}") = "src", "src", "{0340E043-05CE-4D1E-9535-5ECDC0AF6C28}"
EndProject
Project("{FAE04EC0-301F-11D3-BF4B-00C04F79EFBC}") = "Sales.Application", "modules\sales\src\Sales.Application\Sales.Application.csproj", "{A4B352E0-93C7-4987-811C-1B2D48EDA400}"
EndProject
Project("{FAE04EC0-301F-11D3-BF4B-00C04F79EFBC}") = "Sales.Application.Contracts", "modules\sales\src\Sales.Application.Contracts\Sales.Application.Contracts.csproj", "{539AD166-B7B1-4D6C-9676-AA0BC38354E0}"
EndProject
Project("{FAE04EC0-301F-11D3-BF4B-00C04F79EFBC}") = "Sales.Domain", "modules\sales\src\Sales.Domain\Sales.Domain.csproj", "{AF24255E-4E7A-4A53-B4B2-75F550A79C89}"
EndProject
Project("{FAE04EC0-301F-11D3-BF4B-00C04F79EFBC}") = "Sales.Domain.Shared", "modules\sales\src\Sales.Domain.Shared\Sales.Domain.Shared.csproj", "{E18D6909-B506-430E-9D6F-3B0727CCDFD3}"
EndProject
Project("{FAE04EC0-301F-11D3-BF4B-00C04F79EFBC}") = "Sales.EntityFrameworkCore", "modules\sales\src\Sales.EntityFrameworkCore\Sales.EntityFrameworkCore.csproj", "{CC609368-5450-488B-8472-795BD742F261}"
EndProject
Project("{FAE04EC0-301F-11D3-BF4B-00C04F79EFBC}") = "Sales.HttpApi", "modules\sales\src\Sales.HttpApi\Sales.HttpApi.csproj", "{79475284-BFC9-440F-AE16-2C2B67684667}"
EndProject
Project("{FAE04EC0-301F-11D3-BF4B-00C04F79EFBC}") = "Sales.HttpApi.Client", "modules\sales\src\Sales.HttpApi.Client\Sales.HttpApi.Client.csproj", "{C7E33100-00F6-4E35-89DD-48D9F9243A05}"
EndProject
Project("{2150E333-8FDC-42A3-9474-1A3956D46DE8}") = "inventory", "inventory", "{B4D47515-F93C-421C-B245-CFC8AF678EC6}"
EndProject
Project("{2150E333-8FDC-42A3-9474-1A3956D46DE8}") = "src", "src", "{18048DE6-56F5-496D-87F6-C6C0E5C88C4D}"
EndProject
Project("{FAE04EC0-301F-11D3-BF4B-00C04F79EFBC}") = "Inventory.Application", "modules\inventory\src\Inventory.Application\Inventory.Application.csproj", "{7E962469-216A-405F-8853-99FAFD2F5852}"
EndProject
Project("{FAE04EC0-301F-11D3-BF4B-00C04F79EFBC}") = "Inventory.Application.Contracts", "modules\inventory\src\Inventory.Application.Contracts\Inventory.Application.Contracts.csproj", "{15284B95-8DC4-4D20-8A5D-7C7A71AAAE22}"
EndProject
Project("{FAE04EC0-301F-11D3-BF4B-00C04F79EFBC}") = "Inventory.Domain", "modules\inventory\src\Inventory.Domain\Inventory.Domain.csproj", "{F5B97156-FAA2-47F2-9B92-D22A7B6F6644}"
EndProject
Project("{FAE04EC0-301F-11D3-BF4B-00C04F79EFBC}") = "Inventory.Domain.Shared", "modules\inventory\src\Inventory.Domain.Shared\Inventory.Domain.Shared.csproj", "{54AD515C-8A85-4817-8733-AD5402C53DE2}"
EndProject
Project("{FAE04EC0-301F-11D3-BF4B-00C04F79EFBC}") = "Inventory.EntityFrameworkCore", "modules\inventory\src\Inventory.EntityFrameworkCore\Inventory.EntityFrameworkCore.csproj", "{E7D396F3-B2F9-4E44-B122-6BF7424FC522}"
EndProject
Project("{FAE04EC0-301F-11D3-BF4B-00C04F79EFBC}") = "Inventory.HttpApi", "modules\inventory\src\Inventory.HttpApi\Inventory.HttpApi.csproj", "{2EDFC9E5-D8C2-4238-B79F-3C3D2BD0CAF9}"
EndProject
Project("{FAE04EC0-301F-11D3-BF4B-00C04F79EFBC}") = "Inventory.HttpApi.Client", "modules\inventory\src\Inventory.HttpApi.Client\Inventory.HttpApi.Client.csproj", "{1933ED15-BF05-4745-9149-CE897DA451ED}"
EndProject
Global
	GlobalSection(SolutionConfigurationPlatforms) = preSolution
		Debug|Any CPU = Debug|Any CPU
		Release|Any CPU = Release|Any CPU
	EndGlobalSection
	GlobalSection(ProjectConfigurationPlatforms) = postSolution
		{554AD327-6DBA-4F8F-96F8-81CE7A0C863F}.Debug|Any CPU.ActiveCfg = Debug|Any CPU
		{554AD327-6DBA-4F8F-96F8-81CE7A0C863F}.Debug|Any CPU.Build.0 = Debug|Any CPU
		{554AD327-6DBA-4F8F-96F8-81CE7A0C863F}.Release|Any CPU.ActiveCfg = Release|Any CPU
		{554AD327-6DBA-4F8F-96F8-81CE7A0C863F}.Release|Any CPU.Build.0 = Release|Any CPU
		{1A94A50E-06DC-43C1-80B5-B662820EC3EB}.Debug|Any CPU.ActiveCfg = Debug|Any CPU
		{1A94A50E-06DC-43C1-80B5-B662820EC3EB}.Debug|Any CPU.Build.0 = Debug|Any CPU
		{1A94A50E-06DC-43C1-80B5-B662820EC3EB}.Release|Any CPU.ActiveCfg = Release|Any CPU
		{1A94A50E-06DC-43C1-80B5-B662820EC3EB}.Release|Any CPU.Build.0 = Release|Any CPU
		{C956DD76-69C8-4A9C-83EA-D17DF83340FD}.Debug|Any CPU.ActiveCfg = Debug|Any CPU
		{C956DD76-69C8-4A9C-83EA-D17DF83340FD}.Debug|Any CPU.Build.0 = Debug|Any CPU
		{C956DD76-69C8-4A9C-83EA-D17DF83340FD}.Release|Any CPU.ActiveCfg = Release|Any CPU
		{C956DD76-69C8-4A9C-83EA-D17DF83340FD}.Release|Any CPU.Build.0 = Release|Any CPU
		{50B2631D-129C-47B3-A587-029CCD6099BC}.Debug|Any CPU.ActiveCfg = Debug|Any CPU
		{50B2631D-129C-47B3-A587-029CCD6099BC}.Debug|Any CPU.Build.0 = Debug|Any CPU
		{50B2631D-129C-47B3-A587-029CCD6099BC}.Release|Any CPU.ActiveCfg = Release|Any CPU
		{50B2631D-129C-47B3-A587-029CCD6099BC}.Release|Any CPU.Build.0 = Release|Any CPU
		{42F719ED-8413-4895-B5B4-5AB56079BC66}.Debug|Any CPU.ActiveCfg = Debug|Any CPU
		{42F719ED-8413-4895-B5B4-5AB56079BC66}.Debug|Any CPU.Build.0 = Debug|Any CPU
		{42F719ED-8413-4895-B5B4-5AB56079BC66}.Release|Any CPU.ActiveCfg = Release|Any CPU
		{42F719ED-8413-4895-B5B4-5AB56079BC66}.Release|Any CPU.Build.0 = Release|Any CPU
		{520659C8-C734-4298-A3DA-B539DB9DFC0B}.Debug|Any CPU.ActiveCfg = Debug|Any CPU
		{520659C8-C734-4298-A3DA-B539DB9DFC0B}.Debug|Any CPU.Build.0 = Debug|Any CPU
		{520659C8-C734-4298-A3DA-B539DB9DFC0B}.Release|Any CPU.ActiveCfg = Release|Any CPU
		{520659C8-C734-4298-A3DA-B539DB9DFC0B}.Release|Any CPU.Build.0 = Release|Any CPU
		{4164BDF7-F527-4E85-9CE6-E3C2D7426A27}.Debug|Any CPU.ActiveCfg = Debug|Any CPU
		{4164BDF7-F527-4E85-9CE6-E3C2D7426A27}.Debug|Any CPU.Build.0 = Debug|Any CPU
		{4164BDF7-F527-4E85-9CE6-E3C2D7426A27}.Release|Any CPU.ActiveCfg = Release|Any CPU
		{4164BDF7-F527-4E85-9CE6-E3C2D7426A27}.Release|Any CPU.Build.0 = Release|Any CPU
		{3B5A0094-670D-4BB1-BFDD-61B88A8773DC}.Debug|Any CPU.ActiveCfg = Debug|Any CPU
		{3B5A0094-670D-4BB1-BFDD-61B88A8773DC}.Debug|Any CPU.Build.0 = Debug|Any CPU
		{3B5A0094-670D-4BB1-BFDD-61B88A8773DC}.Release|Any CPU.ActiveCfg = Release|Any CPU
		{3B5A0094-670D-4BB1-BFDD-61B88A8773DC}.Release|Any CPU.Build.0 = Release|Any CPU
		{1FE30EB9-74A9-47F5-A9F6-7B1FAB672D81}.Debug|Any CPU.ActiveCfg = Debug|Any CPU
		{1FE30EB9-74A9-47F5-A9F6-7B1FAB672D81}.Debug|Any CPU.Build.0 = Debug|Any CPU
		{1FE30EB9-74A9-47F5-A9F6-7B1FAB672D81}.Release|Any CPU.ActiveCfg = Release|Any CPU
		{1FE30EB9-74A9-47F5-A9F6-7B1FAB672D81}.Release|Any CPU.Build.0 = Release|Any CPU
		{91853F21-9CD9-4132-BC29-A7D5D84FFFE7}.Debug|Any CPU.ActiveCfg = Debug|Any CPU
		{91853F21-9CD9-4132-BC29-A7D5D84FFFE7}.Debug|Any CPU.Build.0 = Debug|Any CPU
		{91853F21-9CD9-4132-BC29-A7D5D84FFFE7}.Release|Any CPU.ActiveCfg = Release|Any CPU
		{91853F21-9CD9-4132-BC29-A7D5D84FFFE7}.Release|Any CPU.Build.0 = Release|Any CPU
		{E512F4D9-9375-480F-A2F6-A46509F9D824}.Debug|Any CPU.ActiveCfg = Debug|Any CPU
		{E512F4D9-9375-480F-A2F6-A46509F9D824}.Debug|Any CPU.Build.0 = Debug|Any CPU
		{E512F4D9-9375-480F-A2F6-A46509F9D824}.Release|Any CPU.ActiveCfg = Release|Any CPU
		{E512F4D9-9375-480F-A2F6-A46509F9D824}.Release|Any CPU.Build.0 = Release|Any CPU
		{EF480016-9127-4916-8735-D2466BDBC582}.Debug|Any CPU.ActiveCfg = Debug|Any CPU
		{EF480016-9127-4916-8735-D2466BDBC582}.Debug|Any CPU.Build.0 = Debug|Any CPU
		{EF480016-9127-4916-8735-D2466BDBC582}.Release|Any CPU.ActiveCfg = Release|Any CPU
		{EF480016-9127-4916-8735-D2466BDBC582}.Release|Any CPU.Build.0 = Release|Any CPU
		{70680696-BB1E-4383-BCB2-42C3767171FB}.Debug|Any CPU.ActiveCfg = Debug|Any CPU
		{70680696-BB1E-4383-BCB2-42C3767171FB}.Debug|Any CPU.Build.0 = Debug|Any CPU
		{70680696-BB1E-4383-BCB2-42C3767171FB}.Release|Any CPU.ActiveCfg = Release|Any CPU
		{70680696-BB1E-4383-BCB2-42C3767171FB}.Release|Any CPU.Build.0 = Release|Any CPU
		{96E5259E-59A3-4FAF-BCD1-5BF8E74EF82C}.Debug|Any CPU.ActiveCfg = Debug|Any CPU
		{96E5259E-59A3-4FAF-BCD1-5BF8E74EF82C}.Debug|Any CPU.Build.0 = Debug|Any CPU
		{96E5259E-59A3-4FAF-BCD1-5BF8E74EF82C}.Release|Any CPU.ActiveCfg = Release|Any CPU
		{96E5259E-59A3-4FAF-BCD1-5BF8E74EF82C}.Release|Any CPU.Build.0 = Release|Any CPU
		{CAE57AD9-608D-4E5D-A66F-6E764827EDFE}.Debug|Any CPU.ActiveCfg = Debug|Any CPU
		{CAE57AD9-608D-4E5D-A66F-6E764827EDFE}.Debug|Any CPU.Build.0 = Debug|Any CPU
		{CAE57AD9-608D-4E5D-A66F-6E764827EDFE}.Release|Any CPU.ActiveCfg = Release|Any CPU
		{CAE57AD9-608D-4E5D-A66F-6E764827EDFE}.Release|Any CPU.Build.0 = Release|Any CPU
		{8EE116C2-5942-4D96-84C3-E08D3AED8968}.Debug|Any CPU.ActiveCfg = Debug|Any CPU
		{8EE116C2-5942-4D96-84C3-E08D3AED8968}.Debug|Any CPU.Build.0 = Debug|Any CPU
		{8EE116C2-5942-4D96-84C3-E08D3AED8968}.Release|Any CPU.ActiveCfg = Release|Any CPU
		{8EE116C2-5942-4D96-84C3-E08D3AED8968}.Release|Any CPU.Build.0 = Release|Any CPU
		{9CD3F20B-5971-4040-A86A-17A4B4C3C7FA}.Debug|Any CPU.ActiveCfg = Debug|Any CPU
		{9CD3F20B-5971-4040-A86A-17A4B4C3C7FA}.Debug|Any CPU.Build.0 = Debug|Any CPU
		{9CD3F20B-5971-4040-A86A-17A4B4C3C7FA}.Release|Any CPU.ActiveCfg = Release|Any CPU
		{9CD3F20B-5971-4040-A86A-17A4B4C3C7FA}.Release|Any CPU.Build.0 = Release|Any CPU
		{3F40AF95-BE07-4F58-B87F-F6EE80E78A4C}.Debug|Any CPU.ActiveCfg = Debug|Any CPU
		{3F40AF95-BE07-4F58-B87F-F6EE80E78A4C}.Debug|Any CPU.Build.0 = Debug|Any CPU
		{3F40AF95-BE07-4F58-B87F-F6EE80E78A4C}.Release|Any CPU.ActiveCfg = Release|Any CPU
		{3F40AF95-BE07-4F58-B87F-F6EE80E78A4C}.Release|Any CPU.Build.0 = Release|Any CPU
		{C8F0B688-08A6-4EC5-9427-72F31B81D74A}.Debug|Any CPU.ActiveCfg = Debug|Any CPU
		{C8F0B688-08A6-4EC5-9427-72F31B81D74A}.Debug|Any CPU.Build.0 = Debug|Any CPU
		{C8F0B688-08A6-4EC5-9427-72F31B81D74A}.Release|Any CPU.ActiveCfg = Release|Any CPU
		{C8F0B688-08A6-4EC5-9427-72F31B81D74A}.Release|Any CPU.Build.0 = Release|Any CPU
		{53DA371D-C559-4DDA-8C0F-CE363EDE80D1}.Debug|Any CPU.ActiveCfg = Debug|Any CPU
		{53DA371D-C559-4DDA-8C0F-CE363EDE80D1}.Debug|Any CPU.Build.0 = Debug|Any CPU
		{53DA371D-C559-4DDA-8C0F-CE363EDE80D1}.Release|Any CPU.ActiveCfg = Release|Any CPU
		{53DA371D-C559-4DDA-8C0F-CE363EDE80D1}.Release|Any CPU.Build.0 = Release|Any CPU
		{F87DCC64-A19B-4711-867A-8DAC97F1E9C4}.Debug|Any CPU.ActiveCfg = Debug|Any CPU
		{F87DCC64-A19B-4711-867A-8DAC97F1E9C4}.Debug|Any CPU.Build.0 = Debug|Any CPU
		{F87DCC64-A19B-4711-867A-8DAC97F1E9C4}.Release|Any CPU.ActiveCfg = Release|Any CPU
		{F87DCC64-A19B-4711-867A-8DAC97F1E9C4}.Release|Any CPU.Build.0 = Release|Any CPU
		{A4B352E0-93C7-4987-811C-1B2D48EDA400}.Debug|Any CPU.ActiveCfg = Debug|Any CPU
		{A4B352E0-93C7-4987-811C-1B2D48EDA400}.Debug|Any CPU.Build.0 = Debug|Any CPU
		{A4B352E0-93C7-4987-811C-1B2D48EDA400}.Release|Any CPU.ActiveCfg = Release|Any CPU
		{A4B352E0-93C7-4987-811C-1B2D48EDA400}.Release|Any CPU.Build.0 = Release|Any CPU
		{539AD166-B7B1-4D6C-9676-AA0BC38354E0}.Debug|Any CPU.ActiveCfg = Debug|Any CPU
		{539AD166-B7B1-4D6C-9676-AA0BC38354E0}.Debug|Any CPU.Build.0 = Debug|Any CPU
		{539AD166-B7B1-4D6C-9676-AA0BC38354E0}.Release|Any CPU.ActiveCfg = Release|Any CPU
		{539AD166-B7B1-4D6C-9676-AA0BC38354E0}.Release|Any CPU.Build.0 = Release|Any CPU
		{AF24255E-4E7A-4A53-B4B2-75F550A79C89}.Debug|Any CPU.ActiveCfg = Debug|Any CPU
		{AF24255E-4E7A-4A53-B4B2-75F550A79C89}.Debug|Any CPU.Build.0 = Debug|Any CPU
		{AF24255E-4E7A-4A53-B4B2-75F550A79C89}.Release|Any CPU.ActiveCfg = Release|Any CPU
		{AF24255E-4E7A-4A53-B4B2-75F550A79C89}.Release|Any CPU.Build.0 = Release|Any CPU
		{E18D6909-B506-430E-9D6F-3B0727CCDFD3}.Debug|Any CPU.ActiveCfg = Debug|Any CPU
		{E18D6909-B506-430E-9D6F-3B0727CCDFD3}.Debug|Any CPU.Build.0 = Debug|Any CPU
		{E18D6909-B506-430E-9D6F-3B0727CCDFD3}.Release|Any CPU.ActiveCfg = Release|Any CPU
		{E18D6909-B506-430E-9D6F-3B0727CCDFD3}.Release|Any CPU.Build.0 = Release|Any CPU
		{CC609368-5450-488B-8472-795BD742F261}.Debug|Any CPU.ActiveCfg = Debug|Any CPU
		{CC609368-5450-488B-8472-795BD742F261}.Debug|Any CPU.Build.0 = Debug|Any CPU
		{CC609368-5450-488B-8472-795BD742F261}.Release|Any CPU.ActiveCfg = Release|Any CPU
		{CC609368-5450-488B-8472-795BD742F261}.Release|Any CPU.Build.0 = Release|Any CPU
		{79475284-BFC9-440F-AE16-2C2B67684667}.Debug|Any CPU.ActiveCfg = Debug|Any CPU
		{79475284-BFC9-440F-AE16-2C2B67684667}.Debug|Any CPU.Build.0 = Debug|Any CPU
		{79475284-BFC9-440F-AE16-2C2B67684667}.Release|Any CPU.ActiveCfg = Release|Any CPU
		{79475284-BFC9-440F-AE16-2C2B67684667}.Release|Any CPU.Build.0 = Release|Any CPU
		{C7E33100-00F6-4E35-89DD-48D9F9243A05}.Debug|Any CPU.ActiveCfg = Debug|Any CPU
		{C7E33100-00F6-4E35-89DD-48D9F9243A05}.Debug|Any CPU.Build.0 = Debug|Any CPU
		{C7E33100-00F6-4E35-89DD-48D9F9243A05}.Release|Any CPU.ActiveCfg = Release|Any CPU
		{C7E33100-00F6-4E35-89DD-48D9F9243A05}.Release|Any CPU.Build.0 = Release|Any CPU
		{7E962469-216A-405F-8853-99FAFD2F5852}.Debug|Any CPU.ActiveCfg = Debug|Any CPU
		{7E962469-216A-405F-8853-99FAFD2F5852}.Debug|Any CPU.Build.0 = Debug|Any CPU
		{7E962469-216A-405F-8853-99FAFD2F5852}.Release|Any CPU.ActiveCfg = Release|Any CPU
		{7E962469-216A-405F-8853-99FAFD2F5852}.Release|Any CPU.Build.0 = Release|Any CPU
		{15284B95-8DC4-4D20-8A5D-7C7A71AAAE22}.Debug|Any CPU.ActiveCfg = Debug|Any CPU
		{15284B95-8DC4-4D20-8A5D-7C7A71AAAE22}.Debug|Any CPU.Build.0 = Debug|Any CPU
		{15284B95-8DC4-4D20-8A5D-7C7A71AAAE22}.Release|Any CPU.ActiveCfg = Release|Any CPU
		{15284B95-8DC4-4D20-8A5D-7C7A71AAAE22}.Release|Any CPU.Build.0 = Release|Any CPU
		{F5B97156-FAA2-47F2-9B92-D22A7B6F6644}.Debug|Any CPU.ActiveCfg = Debug|Any CPU
		{F5B97156-FAA2-47F2-9B92-D22A7B6F6644}.Debug|Any CPU.Build.0 = Debug|Any CPU
		{F5B97156-FAA2-47F2-9B92-D22A7B6F6644}.Release|Any CPU.ActiveCfg = Release|Any CPU
		{F5B97156-FAA2-47F2-9B92-D22A7B6F6644}.Release|Any CPU.Build.0 = Release|Any CPU
		{54AD515C-8A85-4817-8733-AD5402C53DE2}.Debug|Any CPU.ActiveCfg = Debug|Any CPU
		{54AD515C-8A85-4817-8733-AD5402C53DE2}.Debug|Any CPU.Build.0 = Debug|Any CPU
		{54AD515C-8A85-4817-8733-AD5402C53DE2}.Release|Any CPU.ActiveCfg = Release|Any CPU
		{54AD515C-8A85-4817-8733-AD5402C53DE2}.Release|Any CPU.Build.0 = Release|Any CPU
		{E7D396F3-B2F9-4E44-B122-6BF7424FC522}.Debug|Any CPU.ActiveCfg = Debug|Any CPU
		{E7D396F3-B2F9-4E44-B122-6BF7424FC522}.Debug|Any CPU.Build.0 = Debug|Any CPU
		{E7D396F3-B2F9-4E44-B122-6BF7424FC522}.Release|Any CPU.ActiveCfg = Release|Any CPU
		{E7D396F3-B2F9-4E44-B122-6BF7424FC522}.Release|Any CPU.Build.0 = Release|Any CPU
		{2EDFC9E5-D8C2-4238-B79F-3C3D2BD0CAF9}.Debug|Any CPU.ActiveCfg = Debug|Any CPU
		{2EDFC9E5-D8C2-4238-B79F-3C3D2BD0CAF9}.Debug|Any CPU.Build.0 = Debug|Any CPU
		{2EDFC9E5-D8C2-4238-B79F-3C3D2BD0CAF9}.Release|Any CPU.ActiveCfg = Release|Any CPU
		{2EDFC9E5-D8C2-4238-B79F-3C3D2BD0CAF9}.Release|Any CPU.Build.0 = Release|Any CPU
		{1933ED15-BF05-4745-9149-CE897DA451ED}.Debug|Any CPU.ActiveCfg = Debug|Any CPU
		{1933ED15-BF05-4745-9149-CE897DA451ED}.Debug|Any CPU.Build.0 = Debug|Any CPU
		{1933ED15-BF05-4745-9149-CE897DA451ED}.Release|Any CPU.ActiveCfg = Release|Any CPU
		{1933ED15-BF05-4745-9149-CE897DA451ED}.Release|Any CPU.Build.0 = Release|Any CPU
	EndGlobalSection
	GlobalSection(SolutionProperties) = preSolution
		HideSolutionNode = FALSE
	EndGlobalSection
	GlobalSection(NestedProjects) = preSolution
		{554AD327-6DBA-4F8F-96F8-81CE7A0C863F} = {CA9AC87F-097E-4F15-8393-4BC07735A5B0}
		{1A94A50E-06DC-43C1-80B5-B662820EC3EB} = {CA9AC87F-097E-4F15-8393-4BC07735A5B0}
		{C956DD76-69C8-4A9C-83EA-D17DF83340FD} = {CA9AC87F-097E-4F15-8393-4BC07735A5B0}
		{50B2631D-129C-47B3-A587-029CCD6099BC} = {04DBDB01-70F4-4E06-B468-8F87850B22BE}
		{42F719ED-8413-4895-B5B4-5AB56079BC66} = {CA9AC87F-097E-4F15-8393-4BC07735A5B0}
		{520659C8-C734-4298-A3DA-B539DB9DFC0B} = {CA9AC87F-097E-4F15-8393-4BC07735A5B0}
		{4164BDF7-F527-4E85-9CE6-E3C2D7426A27} = {CA9AC87F-097E-4F15-8393-4BC07735A5B0}
		{3B5A0094-670D-4BB1-BFDD-61B88A8773DC} = {CA9AC87F-097E-4F15-8393-4BC07735A5B0}
		{1FE30EB9-74A9-47F5-A9F6-7B1FAB672D81} = {04DBDB01-70F4-4E06-B468-8F87850B22BE}
		{91853F21-9CD9-4132-BC29-A7D5D84FFFE7} = {04DBDB01-70F4-4E06-B468-8F87850B22BE}
		{E512F4D9-9375-480F-A2F6-A46509F9D824} = {04DBDB01-70F4-4E06-B468-8F87850B22BE}
		{EF480016-9127-4916-8735-D2466BDBC582} = {04DBDB01-70F4-4E06-B468-8F87850B22BE}
		{70680696-BB1E-4383-BCB2-42C3767171FB} = {CA9AC87F-097E-4F15-8393-4BC07735A5B0}
		{96E5259E-59A3-4FAF-BCD1-5BF8E74EF82C} = {CA9AC87F-097E-4F15-8393-4BC07735A5B0}
		{B871527A-45C0-4CFB-9E06-4114932F5E5C} = {B2A8AA88-F2D4-47EE-92D5-5B8474AAA95F}
		{9EF01ED6-D630-41C3-97A1-7CEAFF1E2E0F} = {B871527A-45C0-4CFB-9E06-4114932F5E5C}
		{CAE57AD9-608D-4E5D-A66F-6E764827EDFE} = {9EF01ED6-D630-41C3-97A1-7CEAFF1E2E0F}
		{8EE116C2-5942-4D96-84C3-E08D3AED8968} = {9EF01ED6-D630-41C3-97A1-7CEAFF1E2E0F}
		{9CD3F20B-5971-4040-A86A-17A4B4C3C7FA} = {9EF01ED6-D630-41C3-97A1-7CEAFF1E2E0F}
		{3F40AF95-BE07-4F58-B87F-F6EE80E78A4C} = {9EF01ED6-D630-41C3-97A1-7CEAFF1E2E0F}
		{C8F0B688-08A6-4EC5-9427-72F31B81D74A} = {9EF01ED6-D630-41C3-97A1-7CEAFF1E2E0F}
		{53DA371D-C559-4DDA-8C0F-CE363EDE80D1} = {9EF01ED6-D630-41C3-97A1-7CEAFF1E2E0F}
		{F87DCC64-A19B-4711-867A-8DAC97F1E9C4} = {9EF01ED6-D630-41C3-97A1-7CEAFF1E2E0F}
		{1DF04DB3-1E3F-4500-8ED5-775F1C7DB7FC} = {B2A8AA88-F2D4-47EE-92D5-5B8474AAA95F}
		{0340E043-05CE-4D1E-9535-5ECDC0AF6C28} = {1DF04DB3-1E3F-4500-8ED5-775F1C7DB7FC}
		{A4B352E0-93C7-4987-811C-1B2D48EDA400} = {0340E043-05CE-4D1E-9535-5ECDC0AF6C28}
		{539AD166-B7B1-4D6C-9676-AA0BC38354E0} = {0340E043-05CE-4D1E-9535-5ECDC0AF6C28}
		{AF24255E-4E7A-4A53-B4B2-75F550A79C89} = {0340E043-05CE-4D1E-9535-5ECDC0AF6C28}
		{E18D6909-B506-430E-9D6F-3B0727CCDFD3} = {0340E043-05CE-4D1E-9535-5ECDC0AF6C28}
		{CC609368-5450-488B-8472-795BD742F261} = {0340E043-05CE-4D1E-9535-5ECDC0AF6C28}
		{79475284-BFC9-440F-AE16-2C2B67684667} = {0340E043-05CE-4D1E-9535-5ECDC0AF6C28}
		{C7E33100-00F6-4E35-89DD-48D9F9243A05} = {0340E043-05CE-4D1E-9535-5ECDC0AF6C28}
		{B4D47515-F93C-421C-B245-CFC8AF678EC6} = {B2A8AA88-F2D4-47EE-92D5-5B8474AAA95F}
		{18048DE6-56F5-496D-87F6-C6C0E5C88C4D} = {B4D47515-F93C-421C-B245-CFC8AF678EC6}
		{7E962469-216A-405F-8853-99FAFD2F5852} = {18048DE6-56F5-496D-87F6-C6C0E5C88C4D}
		{15284B95-8DC4-4D20-8A5D-7C7A71AAAE22} = {18048DE6-56F5-496D-87F6-C6C0E5C88C4D}
		{F5B97156-FAA2-47F2-9B92-D22A7B6F6644} = {18048DE6-56F5-496D-87F6-C6C0E5C88C4D}
		{54AD515C-8A85-4817-8733-AD5402C53DE2} = {18048DE6-56F5-496D-87F6-C6C0E5C88C4D}
		{E7D396F3-B2F9-4E44-B122-6BF7424FC522} = {18048DE6-56F5-496D-87F6-C6C0E5C88C4D}
		{2EDFC9E5-D8C2-4238-B79F-3C3D2BD0CAF9} = {18048DE6-56F5-496D-87F6-C6C0E5C88C4D}
		{1933ED15-BF05-4745-9149-CE897DA451ED} = {18048DE6-56F5-496D-87F6-C6C0E5C88C4D}
	EndGlobalSection
	GlobalSection(ExtensibilityGlobals) = postSolution
		SolutionGuid = {28315BFD-90E7-4E14-A2EA-F3D23AF4126F}
	EndGlobalSection
EndGlobal
